
Microsoft Visual Studio Solution File, Format Version 12.00
# Visual Studio Version 17
VisualStudioVersion = 17.3.32922.545
MinimumVisualStudioVersion = 10.0.40219.1
Project("{9A19103F-16F7-4668-BE54-9A1E7A4F7556}") = "InsuranceDiscountsWeb", "InsuranceDiscountsWeb\InsuranceDiscountsWeb.csproj", "{204DE720-A20A-4FFE-A4D9-DCC0089752E2}"
EndProject
Project("{9A19103F-16F7-4668-BE54-9A1E7A4F7556}") = "Core", "Core\Core.csproj", "{7E52D965-BCC6-4C28-BC15-727F7E12FB00}"
EndProject
Project("{9A19103F-16F7-4668-BE54-9A1E7A4F7556}") = "BLL", "BLL\BLL.csproj", "{8587D7E6-7A34-468E-B816-83DC06EF38A8}"
EndProject
Project("{9A19103F-16F7-4668-BE54-9A1E7A4F7556}") = "DAL", "DAL\DAL.csproj", "{422D891A-ED8C-4FC1-9203-BFE65026A4A0}"
EndProject
Global
	GlobalSection(SolutionConfigurationPlatforms) = preSolution
		Debug|Any CPU = Debug|Any CPU
		Release|Any CPU = Release|Any CPU
	EndGlobalSection
	GlobalSection(ProjectConfigurationPlatforms) = postSolution
		{204DE720-A20A-4FFE-A4D9-DCC0089752E2}.Debug|Any CPU.ActiveCfg = Debug|Any CPU
		{204DE720-A20A-4FFE-A4D9-DCC0089752E2}.Debug|Any CPU.Build.0 = Debug|Any CPU
		{204DE720-A20A-4FFE-A4D9-DCC0089752E2}.Release|Any CPU.ActiveCfg = Release|Any CPU
		{204DE720-A20A-4FFE-A4D9-DCC0089752E2}.Release|Any CPU.Build.0 = Release|Any CPU
		{7E52D965-BCC6-4C28-BC15-727F7E12FB00}.Debug|Any CPU.ActiveCfg = Debug|Any CPU
		{7E52D965-BCC6-4C28-BC15-727F7E12FB00}.Debug|Any CPU.Build.0 = Debug|Any CPU
		{7E52D965-BCC6-4C28-BC15-727F7E12FB00}.Release|Any CPU.ActiveCfg = Release|Any CPU
		{7E52D965-BCC6-4C28-BC15-727F7E12FB00}.Release|Any CPU.Build.0 = Release|Any CPU
		{8587D7E6-7A34-468E-B816-83DC06EF38A8}.Debug|Any CPU.ActiveCfg = Debug|Any CPU
		{8587D7E6-7A34-468E-B816-83DC06EF38A8}.Debug|Any CPU.Build.0 = Debug|Any CPU
		{8587D7E6-7A34-468E-B816-83DC06EF38A8}.Release|Any CPU.ActiveCfg = Release|Any CPU
		{8587D7E6-7A34-468E-B816-83DC06EF38A8}.Release|Any CPU.Build.0 = Release|Any CPU
		{422D891A-ED8C-4FC1-9203-BFE65026A4A0}.Debug|Any CPU.ActiveCfg = Debug|Any CPU
		{422D891A-ED8C-4FC1-9203-BFE65026A4A0}.Debug|Any CPU.Build.0 = Debug|Any CPU
		{422D891A-ED8C-4FC1-9203-BFE65026A4A0}.Release|Any CPU.ActiveCfg = Release|Any CPU
		{422D891A-ED8C-4FC1-9203-BFE65026A4A0}.Release|Any CPU.Build.0 = Release|Any CPU
	EndGlobalSection
	GlobalSection(SolutionProperties) = preSolution
		HideSolutionNode = FALSE
	EndGlobalSection
	GlobalSection(ExtensibilityGlobals) = postSolution
		SolutionGuid = {EC87E5E2-3784-4C4F-84B8-452A4567FD8D}
	EndGlobalSection
EndGlobal
